{
  "name": "cms.druxtjs.org",
  "lockfileVersion": 3,
  "requires": true,
  "packages": {
    "": {
      "name": "cms.druxtjs.org",
      "license": "MIT",
      "devDependencies": {
        "github-slugger": "1.5.0"
      }
    },
    "node_modules/github-slugger": {
      "version": "1.5.0",
      "resolved": "https://registry.npmjs.org/github-slugger/-/github-slugger-1.5.0.tgz",
      "integrity": "sha512-wIh+gKBI9Nshz2o46B0B3f5k/W+WI9ZAv6y5Dn5WJ5SK1t0TnDimB4WE5rmTD05ZAIn8HALCZVmCsvj0w0v0lw==",
      "dev": true,
      "license": "ISC"
    }
  }
}
